
Microsoft Visual Studio Solution File, Format Version 12.00
# Visual Studio 15
VisualStudioVersion = 15.0.27130.2027
MinimumVisualStudioVersion = 10.0.40219.1
Project("{FAE04EC0-301F-11D3-BF4B-00C04F79EFBC}") = "Conecta2", "Conecta2\Conecta2.csproj", "{E278F7B4-535D-470E-8488-63F641C3284D}"
EndProject
Project("{FAE04EC0-301F-11D3-BF4B-00C04F79EFBC}") = "Conecta2-cli", "Conecta2-cli\Conecta2-cli.csproj", "{90D62D86-21FC-4E1E-8757-E598586A11DD}"
EndProject
Global
	GlobalSection(SolutionConfigurationPlatforms) = preSolution
		Debug|Any CPU = Debug|Any CPU
		Release|Any CPU = Release|Any CPU
	EndGlobalSection
	GlobalSection(ProjectConfigurationPlatforms) = postSolution
		{E278F7B4-535D-470E-8488-63F641C3284D}.Debug|Any CPU.ActiveCfg = Debug|Any CPU
		{E278F7B4-535D-470E-8488-63F641C3284D}.Debug|Any CPU.Build.0 = Debug|Any CPU
		{E278F7B4-535D-470E-8488-63F641C3284D}.Release|Any CPU.ActiveCfg = Release|Any CPU
		{E278F7B4-535D-470E-8488-63F641C3284D}.Release|Any CPU.Build.0 = Release|Any CPU
		{90D62D86-21FC-4E1E-8757-E598586A11DD}.Debug|Any CPU.ActiveCfg = Debug|Any CPU
		{90D62D86-21FC-4E1E-8757-E598586A11DD}.Debug|Any CPU.Build.0 = Debug|Any CPU
		{90D62D86-21FC-4E1E-8757-E598586A11DD}.Release|Any CPU.ActiveCfg = Release|Any CPU
		{90D62D86-21FC-4E1E-8757-E598586A11DD}.Release|Any CPU.Build.0 = Release|Any CPU
	EndGlobalSection
	GlobalSection(SolutionProperties) = preSolution
		HideSolutionNode = FALSE
	EndGlobalSection
	GlobalSection(ExtensibilityGlobals) = postSolution
		SolutionGuid = {9D345F7F-F320-4A85-98B3-9E3318E0CEC9}
	EndGlobalSection
EndGlobal
